
Microsoft Visual Studio Solution File, Format Version 12.00
# Visual Studio 14
VisualStudioVersion = 14.0.25123.0
MinimumVisualStudioVersion = 10.0.40219.1
Project("{FAE04EC0-301F-11D3-BF4B-00C04F79EFBC}") = "TerminalService", "TerminalService\TerminalService.csproj", "{4D82369E-8E2A-469E-BC25-EC806E0938AF}"
EndProject
Project("{FAE04EC0-301F-11D3-BF4B-00C04F79EFBC}") = "ConsoleClient", "TerminalClient\ConsoleClient.csproj", "{B1B53F06-0285-408C-9636-89655863CFA4}"
	ProjectSection(ProjectDependencies) = postProject
		{4D82369E-8E2A-469E-BC25-EC806E0938AF} = {4D82369E-8E2A-469E-BC25-EC806E0938AF}
	EndProjectSection
EndProject
Global
	GlobalSection(SolutionConfigurationPlatforms) = preSolution
		Debug|Any CPU = Debug|Any CPU
		Release|Any CPU = Release|Any CPU
	EndGlobalSection
	GlobalSection(ProjectConfigurationPlatforms) = postSolution
		{4D82369E-8E2A-469E-BC25-EC806E0938AF}.Debug|Any CPU.ActiveCfg = Debug|Any CPU
		{4D82369E-8E2A-469E-BC25-EC806E0938AF}.Debug|Any CPU.Build.0 = Debug|Any CPU
		{4D82369E-8E2A-469E-BC25-EC806E0938AF}.Release|Any CPU.ActiveCfg = Release|Any CPU
		{4D82369E-8E2A-469E-BC25-EC806E0938AF}.Release|Any CPU.Build.0 = Release|Any CPU
		{B1B53F06-0285-408C-9636-89655863CFA4}.Debug|Any CPU.ActiveCfg = Debug|Any CPU
		{B1B53F06-0285-408C-9636-89655863CFA4}.Debug|Any CPU.Build.0 = Debug|Any CPU
		{B1B53F06-0285-408C-9636-89655863CFA4}.Release|Any CPU.ActiveCfg = Release|Any CPU
		{B1B53F06-0285-408C-9636-89655863CFA4}.Release|Any CPU.Build.0 = Release|Any CPU
	EndGlobalSection
	GlobalSection(SolutionProperties) = preSolution
		HideSolutionNode = FALSE
	EndGlobalSection
EndGlobal
